
Microsoft Visual Studio Solution File, Format Version 12.00
# Visual Studio 15
VisualStudioVersion = 15.0.28307.421
MinimumVisualStudioVersion = 10.0.40219.1
Project("{FAE04EC0-301F-11D3-BF4B-00C04F79EFBC}") = "TrackerLibrary", "TrackerLibrary\TrackerLibrary.csproj", "{D597CD1F-281C-4C6A-A1D7-137074D195F1}"
EndProject
Project("{FAE04EC0-301F-11D3-BF4B-00C04F79EFBC}") = "TrackerUI", "TrackerUI\TrackerUI.csproj", "{4C24B8C4-D5B3-4CC4-97DF-46A0CD815DD0}"
EndProject
Global
	GlobalSection(SolutionConfigurationPlatforms) = preSolution
		Debug|Any CPU = Debug|Any CPU
		Release|Any CPU = Release|Any CPU
	EndGlobalSection
	GlobalSection(ProjectConfigurationPlatforms) = postSolution
		{D597CD1F-281C-4C6A-A1D7-137074D195F1}.Debug|Any CPU.ActiveCfg = Debug|Any CPU
		{D597CD1F-281C-4C6A-A1D7-137074D195F1}.Debug|Any CPU.Build.0 = Debug|Any CPU
		{D597CD1F-281C-4C6A-A1D7-137074D195F1}.Release|Any CPU.ActiveCfg = Release|Any CPU
		{D597CD1F-281C-4C6A-A1D7-137074D195F1}.Release|Any CPU.Build.0 = Release|Any CPU
		{4C24B8C4-D5B3-4CC4-97DF-46A0CD815DD0}.Debug|Any CPU.ActiveCfg = Debug|Any CPU
		{4C24B8C4-D5B3-4CC4-97DF-46A0CD815DD0}.Debug|Any CPU.Build.0 = Debug|Any CPU
		{4C24B8C4-D5B3-4CC4-97DF-46A0CD815DD0}.Release|Any CPU.ActiveCfg = Release|Any CPU
		{4C24B8C4-D5B3-4CC4-97DF-46A0CD815DD0}.Release|Any CPU.Build.0 = Release|Any CPU
	EndGlobalSection
	GlobalSection(SolutionProperties) = preSolution
		HideSolutionNode = FALSE
	EndGlobalSection
	GlobalSection(ExtensibilityGlobals) = postSolution
		SolutionGuid = {2E9AE72D-CC57-48F6-B1E4-246ABF403939}
	EndGlobalSection
EndGlobal
